
Microsoft Visual Studio Solution File, Format Version 12.00
# Visual Studio Version 17
VisualStudioVersion = 17.14.36127.28
MinimumVisualStudioVersion = 10.0.40219.1
Project("{8BC9CEB8-8B4A-11D0-8D11-00A0C91BC942}") = "HelloWorld", "HelloWorld\HelloWorld.vcxproj", "{6BCA1473-2989-47C5-AF79-F5F88D1FB561}"
EndProject
Project("{8BC9CEB8-8B4A-11D0-8D11-00A0C91BC942}") = "OutputtingText", "OutputtingText\OutputtingText.vcxproj", "{C67FB981-FD20-4B70-BA96-93C803DB5914}"
EndProject
Project("{8BC9CEB8-8B4A-11D0-8D11-00A0C91BC942}") = "Variables", "Variables\Variables.vcxproj", "{67D4EF64-A4BE-47BA-9598-41BC9FB308A6}"
EndProject
Project("{8BC9CEB8-8B4A-11D0-8D11-00A0C91BC942}") = "Strings", "Strings\Strings.vcxproj", "{E769818B-E6E4-49B7-99B5-9DE610C4AF00}"
EndProject
Project("{8BC9CEB8-8B4A-11D0-8D11-00A0C91BC942}") = "UserInput", "UserInput\UserInput.vcxproj", "{2CD0CE70-EF91-407C-B6A4-3E79632550E5}"
EndProject
Project("{8BC9CEB8-8B4A-11D0-8D11-00A0C91BC942}") = "IntegerTypes", "IntegerTypes\IntegerTypes.vcxproj", "{75B8B723-89E2-4B89-8A0A-9C15D434C596}"
EndProject
Project("{8BC9CEB8-8B4A-11D0-8D11-00A0C91BC942}") = "FloatingPointTypes", "FloatingPointTypes\FloatingPointTypes.vcxproj", "{32888328-BD28-4ADF-B077-A9C38336C983}"
EndProject
Project("{8BC9CEB8-8B4A-11D0-8D11-00A0C91BC942}") = "OtherTypes", "OtherTypes\OtherTypes.vcxproj", "{F180BE75-F586-4E20-AD70-648F14841AB6}"
EndProject
Project("{8BC9CEB8-8B4A-11D0-8D11-00A0C91BC942}") = "If", "If\If.vcxproj", "{509EEDDB-D4A0-45C7-B114-0322A7EF4BCC}"
EndProject
Project("{8BC9CEB8-8B4A-11D0-8D11-00A0C91BC942}") = "IfElse", "IfElse\IfElse.vcxproj", "{2F64F688-C2A6-4550-9CAB-DF2820AE7A5D}"
EndProject
Project("{8BC9CEB8-8B4A-11D0-8D11-00A0C91BC942}") = "ComparingFloats", "ComparingFloats\ComparingFloats.vcxproj", "{0AE7EFF3-0AB5-42AF-AAFD-3DF606F61132}"
EndProject
Project("{8BC9CEB8-8B4A-11D0-8D11-00A0C91BC942}") = "ComplexConditions", "ComplexConditions\ComplexConditions.vcxproj", "{5EDBD848-327A-4452-8C7C-18D0E65D4D9E}"
EndProject
Project("{8BC9CEB8-8B4A-11D0-8D11-00A0C91BC942}") = "WhileLoops", "WhileLoops\WhileLoops.vcxproj", "{5BB67EB9-1996-412F-9C4C-9312E09DCF38}"
EndProject
Project("{8BC9CEB8-8B4A-11D0-8D11-00A0C91BC942}") = "DoWhileLoops", "DoWhileLoops\DoWhileLoops.vcxproj", "{CFFE7E9C-747E-4930-8EF3-F4C0A54A71BD}"
EndProject
Project("{8BC9CEB8-8B4A-11D0-8D11-00A0C91BC942}") = "ForLoops", "ForLoops\ForLoops.vcxproj", "{E42C2C35-B43C-44DB-895D-18F76CCE85FE}"
EndProject
Project("{8BC9CEB8-8B4A-11D0-8D11-00A0C91BC942}") = "BreakandContinue", "BreakandContinue\BreakandContinue.vcxproj", "{89526F01-A644-401E-AF7A-4491CDFBDAA3}"
EndProject
Project("{8BC9CEB8-8B4A-11D0-8D11-00A0C91BC942}") = "Arrays", "Arrays\Arrays.vcxproj", "{2A44356B-3199-4453-A8E0-D29C7E25FD5C}"
EndProject
Project("{8BC9CEB8-8B4A-11D0-8D11-00A0C91BC942}") = "MultiDimensionalArrays", "MultiDimensionalArrays\MultiDimensionalArrays.vcxproj", "{97D2F218-6952-433F-9E2E-B7DF853CB5A7}"
EndProject
Project("{8BC9CEB8-8B4A-11D0-8D11-00A0C91BC942}") = "SizeofArrays", "SizeofArrays\SizeofArrays.vcxproj", "{74D1385C-F55A-4307-BF4A-606E7E3DC902}"
EndProject
Project("{8BC9CEB8-8B4A-11D0-8D11-00A0C91BC942}") = "SizeofMultiDimArrays", "SizeofMultiDimArrays\SizeofMultiDimArrays.vcxproj", "{59DD0C7F-CA19-4A59-9D60-CE893E07CA1B}"
EndProject
Project("{8BC9CEB8-8B4A-11D0-8D11-00A0C91BC942}") = "Switch", "Switch\Switch.vcxproj", "{39F86AB6-EB20-4A39-8AC3-EE2F402366C2}"
EndProject
Project("{8BC9CEB8-8B4A-11D0-8D11-00A0C91BC942}") = "Functions", "Functions\Functions.vcxproj", "{69F341C8-2728-493B-9D88-E3F2F157E354}"
EndProject
Project("{8BC9CEB8-8B4A-11D0-8D11-00A0C91BC942}") = "HeadersandPrototypes", "HeadersandPrototypes\HeadersandPrototypes.vcxproj", "{C7276BCA-C0C3-46E0-AFE9-CDF77C26DEE7}"
EndProject
Project("{8BC9CEB8-8B4A-11D0-8D11-00A0C91BC942}") = "Classes", "Classes\Classes.vcxproj", "{785899F5-2D40-454B-A2CC-074F3CEF1FD1}"
EndProject
Project("{8BC9CEB8-8B4A-11D0-8D11-00A0C91BC942}") = "DataMembers", "DataMembers\DataMembers.vcxproj", "{0993D0FC-5D03-4C2D-8379-F9A4CE63C328}"
EndProject
Project("{8BC9CEB8-8B4A-11D0-8D11-00A0C91BC942}") = "ConstructersandDestructers", "ConstructersandDestructers\ConstructersandDestructers.vcxproj", "{C52F0D9B-E28F-45CD-90FB-FEBF0E821167}"
EndProject
Project("{8BC9CEB8-8B4A-11D0-8D11-00A0C91BC942}") = "GettersandSetters", "GettersandSetters\GettersandSetters.vcxproj", "{F66D769F-594A-43A0-A769-C914F7F607B9}"
EndProject
Project("{8BC9CEB8-8B4A-11D0-8D11-00A0C91BC942}") = "StringStreams", "StringStreams\StringStreams.vcxproj", "{A43898E4-C64F-4C4B-A90D-6E512BD99DA8}"
EndProject
Project("{8BC9CEB8-8B4A-11D0-8D11-00A0C91BC942}") = "ConstructorOverloading", "ConstructorOverloading\ConstructorOverloading.vcxproj", "{700D0011-7F15-48B3-B901-4015728DC212}"
EndProject
Project("{8BC9CEB8-8B4A-11D0-8D11-00A0C91BC942}") = "ThisKeyword", "ThisKeyword\ThisKeyword.vcxproj", "{5BAB2602-08ED-4D95-BAA4-F94077722027}"
EndProject
Project("{8BC9CEB8-8B4A-11D0-8D11-00A0C91BC942}") = "ConstructorInitialization", "ConstructorInitialization\ConstructorInitialization.vcxproj", "{54887494-5F82-4288-88C4-88A4494FE447}"
EndProject
Project("{8BC9CEB8-8B4A-11D0-8D11-00A0C91BC942}") = "Pointers", "Pointers\Pointers.vcxproj", "{00C0B99B-DE14-4939-9AF5-9DB3D4FC7C60}"
EndProject
Project("{8BC9CEB8-8B4A-11D0-8D11-00A0C91BC942}") = "Arithmetic", "Arithmetic\Arithmetic.vcxproj", "{251E592F-8FCC-4727-8E03-12919544F877}"
EndProject
Project("{8BC9CEB8-8B4A-11D0-8D11-00A0C91BC942}") = "PointersandArrays", "PointersandArrays\PointersandArrays.vcxproj", "{0BE32078-F069-4599-9388-DFEC622F2718}"
EndProject
Project("{8BC9CEB8-8B4A-11D0-8D11-00A0C91BC942}") = "PointerArithmetic", "PointerArithmetic\PointerArithmetic.vcxproj", "{A5B80BEF-D5C2-468F-AF76-92CECAE904ED}"
EndProject
Project("{8BC9CEB8-8B4A-11D0-8D11-00A0C91BC942}") = "CharArrays", "CharArrays\CharArrays.vcxproj", "{A06E0770-5A99-4C0B-92B8-8C50053134A5}"
EndProject
Project("{8BC9CEB8-8B4A-11D0-8D11-00A0C91BC942}") = "ReversingaString", "ReversingaString\ReversingaString.vcxproj", "{2C2462FB-EB75-4128-85E0-564C88882B33}"
EndProject
Project("{8BC9CEB8-8B4A-11D0-8D11-00A0C91BC942}") = "References", "References\References.vcxproj", "{2C017C40-1D74-48D5-AC92-53D9F3654747}"
EndProject
Project("{8BC9CEB8-8B4A-11D0-8D11-00A0C91BC942}") = "Const", "Const\Const.vcxproj", "{999EFD5B-E0D5-42A3-BC78-84F289E84538}"
EndProject
Project("{8BC9CEB8-8B4A-11D0-8D11-00A0C91BC942}") = "CopyConstructers", "CopyConstructers\CopyConstructers.vcxproj", "{DA6335A9-BD88-443A-923C-18595EBBDCC1}"
EndProject
Project("{8BC9CEB8-8B4A-11D0-8D11-00A0C91BC942}") = "TheNewKeyword", "TheNewKeyword\TheNewKeyword.vcxproj", "{63FFAD65-C6D0-483F-8A11-0BC89185FC46}"
EndProject
Project("{8BC9CEB8-8B4A-11D0-8D11-00A0C91BC942}") = "ReturningObjectsfromFunctions", "ReturningObjectsfromFunctions\ReturningObjectsfromFunctions.vcxproj", "{EA6FA96C-C6D2-416C-9B47-07D1B53BDC5D}"
EndProject
Project("{8BC9CEB8-8B4A-11D0-8D11-00A0C91BC942}") = "AllocatingMemory", "AllocatingMemory\AllocatingMemory.vcxproj", "{94A4E402-765D-4091-815E-E606569F6DC8}"
EndProject
Project("{8BC9CEB8-8B4A-11D0-8D11-00A0C91BC942}") = "ArraysandFunctions", "ArraysandFunctions\ArraysandFunctions.vcxproj", "{C39FBC83-5A4D-42DE-B06F-241376C000A2}"
EndProject
Project("{8BC9CEB8-8B4A-11D0-8D11-00A0C91BC942}") = "Namespaces", "Namespaces\Namespaces.vcxproj", "{E7B12A38-FFF0-49B8-BA13-A39E1B9A5115}"
EndProject
Project("{8BC9CEB8-8B4A-11D0-8D11-00A0C91BC942}") = "Inheritance", "Inheritance\Inheritance.vcxproj", "{5CFD826C-328F-4485-A69C-DB1E747B3EC5}"
EndProject
Project("{8BC9CEB8-8B4A-11D0-8D11-00A0C91BC942}") = "Encapsulation", "Encapsulation\Encapsulation.vcxproj", "{DD37A95B-67AB-4551-8A99-93CD003D788E}"
EndProject
Project("{8BC9CEB8-8B4A-11D0-8D11-00A0C91BC942}") = "ConstructorInheritance", "ConstructorInheritance\ConstructorInheritance.vcxproj", "{C538B08C-25A8-4BD9-B1F8-D0E78EB76643}"
EndProject
Project("{8BC9CEB8-8B4A-11D0-8D11-00A0C91BC942}") = "TwosComplement", "TwosComplement\TwosComplement.vcxproj", "{8C90B8B9-6889-4FB4-9597-4EB64DD9C1AC}"
EndProject
Project("{8BC9CEB8-8B4A-11D0-8D11-00A0C91BC942}") = "Static", "Static\Static.vcxproj", "{765B4B52-A5C1-4766-A2B2-F93B0E1A062C}"
EndProject
Global
	GlobalSection(SolutionConfigurationPlatforms) = preSolution
		Debug|x64 = Debug|x64
		Debug|x86 = Debug|x86
		Release|x64 = Release|x64
		Release|x86 = Release|x86
	EndGlobalSection
	GlobalSection(ProjectConfigurationPlatforms) = postSolution
		{6BCA1473-2989-47C5-AF79-F5F88D1FB561}.Debug|x64.ActiveCfg = Debug|x64
		{6BCA1473-2989-47C5-AF79-F5F88D1FB561}.Debug|x64.Build.0 = Debug|x64
		{6BCA1473-2989-47C5-AF79-F5F88D1FB561}.Debug|x86.ActiveCfg = Debug|Win32
		{6BCA1473-2989-47C5-AF79-F5F88D1FB561}.Debug|x86.Build.0 = Debug|Win32
		{6BCA1473-2989-47C5-AF79-F5F88D1FB561}.Release|x64.ActiveCfg = Release|x64
		{6BCA1473-2989-47C5-AF79-F5F88D1FB561}.Release|x64.Build.0 = Release|x64
		{6BCA1473-2989-47C5-AF79-F5F88D1FB561}.Release|x86.ActiveCfg = Release|Win32
		{6BCA1473-2989-47C5-AF79-F5F88D1FB561}.Release|x86.Build.0 = Release|Win32
		{C67FB981-FD20-4B70-BA96-93C803DB5914}.Debug|x64.ActiveCfg = Debug|x64
		{C67FB981-FD20-4B70-BA96-93C803DB5914}.Debug|x64.Build.0 = Debug|x64
		{C67FB981-FD20-4B70-BA96-93C803DB5914}.Debug|x86.ActiveCfg = Debug|Win32
		{C67FB981-FD20-4B70-BA96-93C803DB5914}.Debug|x86.Build.0 = Debug|Win32
		{C67FB981-FD20-4B70-BA96-93C803DB5914}.Release|x64.ActiveCfg = Release|x64
		{C67FB981-FD20-4B70-BA96-93C803DB5914}.Release|x64.Build.0 = Release|x64
		{C67FB981-FD20-4B70-BA96-93C803DB5914}.Release|x86.ActiveCfg = Release|Win32
		{C67FB981-FD20-4B70-BA96-93C803DB5914}.Release|x86.Build.0 = Release|Win32
		{67D4EF64-A4BE-47BA-9598-41BC9FB308A6}.Debug|x64.ActiveCfg = Debug|x64
		{67D4EF64-A4BE-47BA-9598-41BC9FB308A6}.Debug|x64.Build.0 = Debug|x64
		{67D4EF64-A4BE-47BA-9598-41BC9FB308A6}.Debug|x86.ActiveCfg = Debug|Win32
		{67D4EF64-A4BE-47BA-9598-41BC9FB308A6}.Debug|x86.Build.0 = Debug|Win32
		{67D4EF64-A4BE-47BA-9598-41BC9FB308A6}.Release|x64.ActiveCfg = Release|x64
		{67D4EF64-A4BE-47BA-9598-41BC9FB308A6}.Release|x64.Build.0 = Release|x64
		{67D4EF64-A4BE-47BA-9598-41BC9FB308A6}.Release|x86.ActiveCfg = Release|Win32
		{67D4EF64-A4BE-47BA-9598-41BC9FB308A6}.Release|x86.Build.0 = Release|Win32
		{E769818B-E6E4-49B7-99B5-9DE610C4AF00}.Debug|x64.ActiveCfg = Debug|x64
		{E769818B-E6E4-49B7-99B5-9DE610C4AF00}.Debug|x64.Build.0 = Debug|x64
		{E769818B-E6E4-49B7-99B5-9DE610C4AF00}.Debug|x86.ActiveCfg = Debug|Win32
		{E769818B-E6E4-49B7-99B5-9DE610C4AF00}.Debug|x86.Build.0 = Debug|Win32
		{E769818B-E6E4-49B7-99B5-9DE610C4AF00}.Release|x64.ActiveCfg = Release|x64
		{E769818B-E6E4-49B7-99B5-9DE610C4AF00}.Release|x64.Build.0 = Release|x64
		{E769818B-E6E4-49B7-99B5-9DE610C4AF00}.Release|x86.ActiveCfg = Release|Win32
		{E769818B-E6E4-49B7-99B5-9DE610C4AF00}.Release|x86.Build.0 = Release|Win32
		{2CD0CE70-EF91-407C-B6A4-3E79632550E5}.Debug|x64.ActiveCfg = Debug|x64
		{2CD0CE70-EF91-407C-B6A4-3E79632550E5}.Debug|x64.Build.0 = Debug|x64
		{2CD0CE70-EF91-407C-B6A4-3E79632550E5}.Debug|x86.ActiveCfg = Debug|Win32
		{2CD0CE70-EF91-407C-B6A4-3E79632550E5}.Debug|x86.Build.0 = Debug|Win32
		{2CD0CE70-EF91-407C-B6A4-3E79632550E5}.Release|x64.ActiveCfg = Release|x64
		{2CD0CE70-EF91-407C-B6A4-3E79632550E5}.Release|x64.Build.0 = Release|x64
		{2CD0CE70-EF91-407C-B6A4-3E79632550E5}.Release|x86.ActiveCfg = Release|Win32
		{2CD0CE70-EF91-407C-B6A4-3E79632550E5}.Release|x86.Build.0 = Release|Win32
		{75B8B723-89E2-4B89-8A0A-9C15D434C596}.Debug|x64.ActiveCfg = Debug|x64
		{75B8B723-89E2-4B89-8A0A-9C15D434C596}.Debug|x64.Build.0 = Debug|x64
		{75B8B723-89E2-4B89-8A0A-9C15D434C596}.Debug|x86.ActiveCfg = Debug|Win32
		{75B8B723-89E2-4B89-8A0A-9C15D434C596}.Debug|x86.Build.0 = Debug|Win32
		{75B8B723-89E2-4B89-8A0A-9C15D434C596}.Release|x64.ActiveCfg = Release|x64
		{75B8B723-89E2-4B89-8A0A-9C15D434C596}.Release|x64.Build.0 = Release|x64
		{75B8B723-89E2-4B89-8A0A-9C15D434C596}.Release|x86.ActiveCfg = Release|Win32
		{75B8B723-89E2-4B89-8A0A-9C15D434C596}.Release|x86.Build.0 = Release|Win32
		{32888328-BD28-4ADF-B077-A9C38336C983}.Debug|x64.ActiveCfg = Debug|x64
		{32888328-BD28-4ADF-B077-A9C38336C983}.Debug|x64.Build.0 = Debug|x64
		{32888328-BD28-4ADF-B077-A9C38336C983}.Debug|x86.ActiveCfg = Debug|Win32
		{32888328-BD28-4ADF-B077-A9C38336C983}.Debug|x86.Build.0 = Debug|Win32
		{32888328-BD28-4ADF-B077-A9C38336C983}.Release|x64.ActiveCfg = Release|x64
		{32888328-BD28-4ADF-B077-A9C38336C983}.Release|x64.Build.0 = Release|x64
		{32888328-BD28-4ADF-B077-A9C38336C983}.Release|x86.ActiveCfg = Release|Win32
		{32888328-BD28-4ADF-B077-A9C38336C983}.Release|x86.Build.0 = Release|Win32
		{F180BE75-F586-4E20-AD70-648F14841AB6}.Debug|x64.ActiveCfg = Debug|x64
		{F180BE75-F586-4E20-AD70-648F14841AB6}.Debug|x64.Build.0 = Debug|x64
		{F180BE75-F586-4E20-AD70-648F14841AB6}.Debug|x86.ActiveCfg = Debug|Win32
		{F180BE75-F586-4E20-AD70-648F14841AB6}.Debug|x86.Build.0 = Debug|Win32
		{F180BE75-F586-4E20-AD70-648F14841AB6}.Release|x64.ActiveCfg = Release|x64
		{F180BE75-F586-4E20-AD70-648F14841AB6}.Release|x64.Build.0 = Release|x64
		{F180BE75-F586-4E20-AD70-648F14841AB6}.Release|x86.ActiveCfg = Release|Win32
		{F180BE75-F586-4E20-AD70-648F14841AB6}.Release|x86.Build.0 = Release|Win32
		{509EEDDB-D4A0-45C7-B114-0322A7EF4BCC}.Debug|x64.ActiveCfg = Debug|x64
		{509EEDDB-D4A0-45C7-B114-0322A7EF4BCC}.Debug|x64.Build.0 = Debug|x64
		{509EEDDB-D4A0-45C7-B114-0322A7EF4BCC}.Debug|x86.ActiveCfg = Debug|Win32
		{509EEDDB-D4A0-45C7-B114-0322A7EF4BCC}.Debug|x86.Build.0 = Debug|Win32
		{509EEDDB-D4A0-45C7-B114-0322A7EF4BCC}.Release|x64.ActiveCfg = Release|x64
		{509EEDDB-D4A0-45C7-B114-0322A7EF4BCC}.Release|x64.Build.0 = Release|x64
		{509EEDDB-D4A0-45C7-B114-0322A7EF4BCC}.Release|x86.ActiveCfg = Release|Win32
		{509EEDDB-D4A0-45C7-B114-0322A7EF4BCC}.Release|x86.Build.0 = Release|Win32
		{2F64F688-C2A6-4550-9CAB-DF2820AE7A5D}.Debug|x64.ActiveCfg = Debug|x64
		{2F64F688-C2A6-4550-9CAB-DF2820AE7A5D}.Debug|x64.Build.0 = Debug|x64
		{2F64F688-C2A6-4550-9CAB-DF2820AE7A5D}.Debug|x86.ActiveCfg = Debug|Win32
		{2F64F688-C2A6-4550-9CAB-DF2820AE7A5D}.Debug|x86.Build.0 = Debug|Win32
		{2F64F688-C2A6-4550-9CAB-DF2820AE7A5D}.Release|x64.ActiveCfg = Release|x64
		{2F64F688-C2A6-4550-9CAB-DF2820AE7A5D}.Release|x64.Build.0 = Release|x64
		{2F64F688-C2A6-4550-9CAB-DF2820AE7A5D}.Release|x86.ActiveCfg = Release|Win32
		{2F64F688-C2A6-4550-9CAB-DF2820AE7A5D}.Release|x86.Build.0 = Release|Win32
		{0AE7EFF3-0AB5-42AF-AAFD-3DF606F61132}.Debug|x64.ActiveCfg = Debug|x64
		{0AE7EFF3-0AB5-42AF-AAFD-3DF606F61132}.Debug|x64.Build.0 = Debug|x64
		{0AE7EFF3-0AB5-42AF-AAFD-3DF606F61132}.Debug|x86.ActiveCfg = Debug|Win32
		{0AE7EFF3-0AB5-42AF-AAFD-3DF606F61132}.Debug|x86.Build.0 = Debug|Win32
		{0AE7EFF3-0AB5-42AF-AAFD-3DF606F61132}.Release|x64.ActiveCfg = Release|x64
		{0AE7EFF3-0AB5-42AF-AAFD-3DF606F61132}.Release|x64.Build.0 = Release|x64
		{0AE7EFF3-0AB5-42AF-AAFD-3DF606F61132}.Release|x86.ActiveCfg = Release|Win32
		{0AE7EFF3-0AB5-42AF-AAFD-3DF606F61132}.Release|x86.Build.0 = Release|Win32
		{5EDBD848-327A-4452-8C7C-18D0E65D4D9E}.Debug|x64.ActiveCfg = Debug|x64
		{5EDBD848-327A-4452-8C7C-18D0E65D4D9E}.Debug|x64.Build.0 = Debug|x64
		{5EDBD848-327A-4452-8C7C-18D0E65D4D9E}.Debug|x86.ActiveCfg = Debug|Win32
		{5EDBD848-327A-4452-8C7C-18D0E65D4D9E}.Debug|x86.Build.0 = Debug|Win32
		{5EDBD848-327A-4452-8C7C-18D0E65D4D9E}.Release|x64.ActiveCfg = Release|x64
		{5EDBD848-327A-4452-8C7C-18D0E65D4D9E}.Release|x64.Build.0 = Release|x64
		{5EDBD848-327A-4452-8C7C-18D0E65D4D9E}.Release|x86.ActiveCfg = Release|Win32
		{5EDBD848-327A-4452-8C7C-18D0E65D4D9E}.Release|x86.Build.0 = Release|Win32
		{5BB67EB9-1996-412F-9C4C-9312E09DCF38}.Debug|x64.ActiveCfg = Debug|x64
		{5BB67EB9-1996-412F-9C4C-9312E09DCF38}.Debug|x64.Build.0 = Debug|x64
		{5BB67EB9-1996-412F-9C4C-9312E09DCF38}.Debug|x86.ActiveCfg = Debug|Win32
		{5BB67EB9-1996-412F-9C4C-9312E09DCF38}.Debug|x86.Build.0 = Debug|Win32
		{5BB67EB9-1996-412F-9C4C-9312E09DCF38}.Release|x64.ActiveCfg = Release|x64
		{5BB67EB9-1996-412F-9C4C-9312E09DCF38}.Release|x64.Build.0 = Release|x64
		{5BB67EB9-1996-412F-9C4C-9312E09DCF38}.Release|x86.ActiveCfg = Release|Win32
		{5BB67EB9-1996-412F-9C4C-9312E09DCF38}.Release|x86.Build.0 = Release|Win32
		{CFFE7E9C-747E-4930-8EF3-F4C0A54A71BD}.Debug|x64.ActiveCfg = Debug|x64
		{CFFE7E9C-747E-4930-8EF3-F4C0A54A71BD}.Debug|x64.Build.0 = Debug|x64
		{CFFE7E9C-747E-4930-8EF3-F4C0A54A71BD}.Debug|x86.ActiveCfg = Debug|Win32
		{CFFE7E9C-747E-4930-8EF3-F4C0A54A71BD}.Debug|x86.Build.0 = Debug|Win32
		{CFFE7E9C-747E-4930-8EF3-F4C0A54A71BD}.Release|x64.ActiveCfg = Release|x64
		{CFFE7E9C-747E-4930-8EF3-F4C0A54A71BD}.Release|x64.Build.0 = Release|x64
		{CFFE7E9C-747E-4930-8EF3-F4C0A54A71BD}.Release|x86.ActiveCfg = Release|Win32
		{CFFE7E9C-747E-4930-8EF3-F4C0A54A71BD}.Release|x86.Build.0 = Release|Win32
		{E42C2C35-B43C-44DB-895D-18F76CCE85FE}.Debug|x64.ActiveCfg = Debug|x64
		{E42C2C35-B43C-44DB-895D-18F76CCE85FE}.Debug|x64.Build.0 = Debug|x64
		{E42C2C35-B43C-44DB-895D-18F76CCE85FE}.Debug|x86.ActiveCfg = Debug|Win32
		{E42C2C35-B43C-44DB-895D-18F76CCE85FE}.Debug|x86.Build.0 = Debug|Win32
		{E42C2C35-B43C-44DB-895D-18F76CCE85FE}.Release|x64.ActiveCfg = Release|x64
		{E42C2C35-B43C-44DB-895D-18F76CCE85FE}.Release|x64.Build.0 = Release|x64
		{E42C2C35-B43C-44DB-895D-18F76CCE85FE}.Release|x86.ActiveCfg = Release|Win32
		{E42C2C35-B43C-44DB-895D-18F76CCE85FE}.Release|x86.Build.0 = Release|Win32
		{89526F01-A644-401E-AF7A-4491CDFBDAA3}.Debug|x64.ActiveCfg = Debug|x64
		{89526F01-A644-401E-AF7A-4491CDFBDAA3}.Debug|x64.Build.0 = Debug|x64
		{89526F01-A644-401E-AF7A-4491CDFBDAA3}.Debug|x86.ActiveCfg = Debug|Win32
		{89526F01-A644-401E-AF7A-4491CDFBDAA3}.Debug|x86.Build.0 = Debug|Win32
		{89526F01-A644-401E-AF7A-4491CDFBDAA3}.Release|x64.ActiveCfg = Release|x64
		{89526F01-A644-401E-AF7A-4491CDFBDAA3}.Release|x64.Build.0 = Release|x64
		{89526F01-A644-401E-AF7A-4491CDFBDAA3}.Release|x86.ActiveCfg = Release|Win32
		{89526F01-A644-401E-AF7A-4491CDFBDAA3}.Release|x86.Build.0 = Release|Win32
		{2A44356B-3199-4453-A8E0-D29C7E25FD5C}.Debug|x64.ActiveCfg = Debug|x64
		{2A44356B-3199-4453-A8E0-D29C7E25FD5C}.Debug|x64.Build.0 = Debug|x64
		{2A44356B-3199-4453-A8E0-D29C7E25FD5C}.Debug|x86.ActiveCfg = Debug|Win32
		{2A44356B-3199-4453-A8E0-D29C7E25FD5C}.Debug|x86.Build.0 = Debug|Win32
		{2A44356B-3199-4453-A8E0-D29C7E25FD5C}.Release|x64.ActiveCfg = Release|x64
		{2A44356B-3199-4453-A8E0-D29C7E25FD5C}.Release|x64.Build.0 = Release|x64
		{2A44356B-3199-4453-A8E0-D29C7E25FD5C}.Release|x86.ActiveCfg = Release|Win32
		{2A44356B-3199-4453-A8E0-D29C7E25FD5C}.Release|x86.Build.0 = Release|Win32
		{97D2F218-6952-433F-9E2E-B7DF853CB5A7}.Debug|x64.ActiveCfg = Debug|x64
		{97D2F218-6952-433F-9E2E-B7DF853CB5A7}.Debug|x64.Build.0 = Debug|x64
		{97D2F218-6952-433F-9E2E-B7DF853CB5A7}.Debug|x86.ActiveCfg = Debug|Win32
		{97D2F218-6952-433F-9E2E-B7DF853CB5A7}.Debug|x86.Build.0 = Debug|Win32
		{97D2F218-6952-433F-9E2E-B7DF853CB5A7}.Release|x64.ActiveCfg = Release|x64
		{97D2F218-6952-433F-9E2E-B7DF853CB5A7}.Release|x64.Build.0 = Release|x64
		{97D2F218-6952-433F-9E2E-B7DF853CB5A7}.Release|x86.ActiveCfg = Release|Win32
		{97D2F218-6952-433F-9E2E-B7DF853CB5A7}.Release|x86.Build.0 = Release|Win32
		{74D1385C-F55A-4307-BF4A-606E7E3DC902}.Debug|x64.ActiveCfg = Debug|x64
		{74D1385C-F55A-4307-BF4A-606E7E3DC902}.Debug|x64.Build.0 = Debug|x64
		{74D1385C-F55A-4307-BF4A-606E7E3DC902}.Debug|x86.ActiveCfg = Debug|Win32
		{74D1385C-F55A-4307-BF4A-606E7E3DC902}.Debug|x86.Build.0 = Debug|Win32
		{74D1385C-F55A-4307-BF4A-606E7E3DC902}.Release|x64.ActiveCfg = Release|x64
		{74D1385C-F55A-4307-BF4A-606E7E3DC902}.Release|x64.Build.0 = Release|x64
		{74D1385C-F55A-4307-BF4A-606E7E3DC902}.Release|x86.ActiveCfg = Release|Win32
		{74D1385C-F55A-4307-BF4A-606E7E3DC902}.Release|x86.Build.0 = Release|Win32
		{59DD0C7F-CA19-4A59-9D60-CE893E07CA1B}.Debug|x64.ActiveCfg = Debug|x64
		{59DD0C7F-CA19-4A59-9D60-CE893E07CA1B}.Debug|x64.Build.0 = Debug|x64
		{59DD0C7F-CA19-4A59-9D60-CE893E07CA1B}.Debug|x86.ActiveCfg = Debug|Win32
		{59DD0C7F-CA19-4A59-9D60-CE893E07CA1B}.Debug|x86.Build.0 = Debug|Win32
		{59DD0C7F-CA19-4A59-9D60-CE893E07CA1B}.Release|x64.ActiveCfg = Release|x64
		{59DD0C7F-CA19-4A59-9D60-CE893E07CA1B}.Release|x64.Build.0 = Release|x64
		{59DD0C7F-CA19-4A59-9D60-CE893E07CA1B}.Release|x86.ActiveCfg = Release|Win32
		{59DD0C7F-CA19-4A59-9D60-CE893E07CA1B}.Release|x86.Build.0 = Release|Win32
		{39F86AB6-EB20-4A39-8AC3-EE2F402366C2}.Debug|x64.ActiveCfg = Debug|x64
		{39F86AB6-EB20-4A39-8AC3-EE2F402366C2}.Debug|x64.Build.0 = Debug|x64
		{39F86AB6-EB20-4A39-8AC3-EE2F402366C2}.Debug|x86.ActiveCfg = Debug|Win32
		{39F86AB6-EB20-4A39-8AC3-EE2F402366C2}.Debug|x86.Build.0 = Debug|Win32
		{39F86AB6-EB20-4A39-8AC3-EE2F402366C2}.Release|x64.ActiveCfg = Release|x64
		{39F86AB6-EB20-4A39-8AC3-EE2F402366C2}.Release|x64.Build.0 = Release|x64
		{39F86AB6-EB20-4A39-8AC3-EE2F402366C2}.Release|x86.ActiveCfg = Release|Win32
		{39F86AB6-EB20-4A39-8AC3-EE2F402366C2}.Release|x86.Build.0 = Release|Win32
		{69F341C8-2728-493B-9D88-E3F2F157E354}.Debug|x64.ActiveCfg = Debug|x64
		{69F341C8-2728-493B-9D88-E3F2F157E354}.Debug|x64.Build.0 = Debug|x64
		{69F341C8-2728-493B-9D88-E3F2F157E354}.Debug|x86.ActiveCfg = Debug|Win32
		{69F341C8-2728-493B-9D88-E3F2F157E354}.Debug|x86.Build.0 = Debug|Win32
		{69F341C8-2728-493B-9D88-E3F2F157E354}.Release|x64.ActiveCfg = Release|x64
		{69F341C8-2728-493B-9D88-E3F2F157E354}.Release|x64.Build.0 = Release|x64
		{69F341C8-2728-493B-9D88-E3F2F157E354}.Release|x86.ActiveCfg = Release|Win32
		{69F341C8-2728-493B-9D88-E3F2F157E354}.Release|x86.Build.0 = Release|Win32
		{C7276BCA-C0C3-46E0-AFE9-CDF77C26DEE7}.Debug|x64.ActiveCfg = Debug|x64
		{C7276BCA-C0C3-46E0-AFE9-CDF77C26DEE7}.Debug|x64.Build.0 = Debug|x64
		{C7276BCA-C0C3-46E0-AFE9-CDF77C26DEE7}.Debug|x86.ActiveCfg = Debug|Win32
		{C7276BCA-C0C3-46E0-AFE9-CDF77C26DEE7}.Debug|x86.Build.0 = Debug|Win32
		{C7276BCA-C0C3-46E0-AFE9-CDF77C26DEE7}.Release|x64.ActiveCfg = Release|x64
		{C7276BCA-C0C3-46E0-AFE9-CDF77C26DEE7}.Release|x64.Build.0 = Release|x64
		{C7276BCA-C0C3-46E0-AFE9-CDF77C26DEE7}.Release|x86.ActiveCfg = Release|Win32
		{C7276BCA-C0C3-46E0-AFE9-CDF77C26DEE7}.Release|x86.Build.0 = Release|Win32
		{785899F5-2D40-454B-A2CC-074F3CEF1FD1}.Debug|x64.ActiveCfg = Debug|x64
		{785899F5-2D40-454B-A2CC-074F3CEF1FD1}.Debug|x64.Build.0 = Debug|x64
		{785899F5-2D40-454B-A2CC-074F3CEF1FD1}.Debug|x86.ActiveCfg = Debug|Win32
		{785899F5-2D40-454B-A2CC-074F3CEF1FD1}.Debug|x86.Build.0 = Debug|Win32
		{785899F5-2D40-454B-A2CC-074F3CEF1FD1}.Release|x64.ActiveCfg = Release|x64
		{785899F5-2D40-454B-A2CC-074F3CEF1FD1}.Release|x64.Build.0 = Release|x64
		{785899F5-2D40-454B-A2CC-074F3CEF1FD1}.Release|x86.ActiveCfg = Release|Win32
		{785899F5-2D40-454B-A2CC-074F3CEF1FD1}.Release|x86.Build.0 = Release|Win32
		{0993D0FC-5D03-4C2D-8379-F9A4CE63C328}.Debug|x64.ActiveCfg = Debug|x64
		{0993D0FC-5D03-4C2D-8379-F9A4CE63C328}.Debug|x64.Build.0 = Debug|x64
		{0993D0FC-5D03-4C2D-8379-F9A4CE63C328}.Debug|x86.ActiveCfg = Debug|Win32
		{0993D0FC-5D03-4C2D-8379-F9A4CE63C328}.Debug|x86.Build.0 = Debug|Win32
		{0993D0FC-5D03-4C2D-8379-F9A4CE63C328}.Release|x64.ActiveCfg = Release|x64
		{0993D0FC-5D03-4C2D-8379-F9A4CE63C328}.Release|x64.Build.0 = Release|x64
		{0993D0FC-5D03-4C2D-8379-F9A4CE63C328}.Release|x86.ActiveCfg = Release|Win32
		{0993D0FC-5D03-4C2D-8379-F9A4CE63C328}.Release|x86.Build.0 = Release|Win32
		{C52F0D9B-E28F-45CD-90FB-FEBF0E821167}.Debug|x64.ActiveCfg = Debug|x64
		{C52F0D9B-E28F-45CD-90FB-FEBF0E821167}.Debug|x64.Build.0 = Debug|x64
		{C52F0D9B-E28F-45CD-90FB-FEBF0E821167}.Debug|x86.ActiveCfg = Debug|Win32
		{C52F0D9B-E28F-45CD-90FB-FEBF0E821167}.Debug|x86.Build.0 = Debug|Win32
		{C52F0D9B-E28F-45CD-90FB-FEBF0E821167}.Release|x64.ActiveCfg = Release|x64
		{C52F0D9B-E28F-45CD-90FB-FEBF0E821167}.Release|x64.Build.0 = Release|x64
		{C52F0D9B-E28F-45CD-90FB-FEBF0E821167}.Release|x86.ActiveCfg = Release|Win32
		{C52F0D9B-E28F-45CD-90FB-FEBF0E821167}.Release|x86.Build.0 = Release|Win32
		{F66D769F-594A-43A0-A769-C914F7F607B9}.Debug|x64.ActiveCfg = Debug|x64
		{F66D769F-594A-43A0-A769-C914F7F607B9}.Debug|x64.Build.0 = Debug|x64
		{F66D769F-594A-43A0-A769-C914F7F607B9}.Debug|x86.ActiveCfg = Debug|Win32
		{F66D769F-594A-43A0-A769-C914F7F607B9}.Debug|x86.Build.0 = Debug|Win32
		{F66D769F-594A-43A0-A769-C914F7F607B9}.Release|x64.ActiveCfg = Release|x64
		{F66D769F-594A-43A0-A769-C914F7F607B9}.Release|x64.Build.0 = Release|x64
		{F66D769F-594A-43A0-A769-C914F7F607B9}.Release|x86.ActiveCfg = Release|Win32
		{F66D769F-594A-43A0-A769-C914F7F607B9}.Release|x86.Build.0 = Release|Win32
		{A43898E4-C64F-4C4B-A90D-6E512BD99DA8}.Debug|x64.ActiveCfg = Debug|x64
		{A43898E4-C64F-4C4B-A90D-6E512BD99DA8}.Debug|x64.Build.0 = Debug|x64
		{A43898E4-C64F-4C4B-A90D-6E512BD99DA8}.Debug|x86.ActiveCfg = Debug|Win32
		{A43898E4-C64F-4C4B-A90D-6E512BD99DA8}.Debug|x86.Build.0 = Debug|Win32
		{A43898E4-C64F-4C4B-A90D-6E512BD99DA8}.Release|x64.ActiveCfg = Release|x64
		{A43898E4-C64F-4C4B-A90D-6E512BD99DA8}.Release|x64.Build.0 = Release|x64
		{A43898E4-C64F-4C4B-A90D-6E512BD99DA8}.Release|x86.ActiveCfg = Release|Win32
		{A43898E4-C64F-4C4B-A90D-6E512BD99DA8}.Release|x86.Build.0 = Release|Win32
		{700D0011-7F15-48B3-B901-4015728DC212}.Debug|x64.ActiveCfg = Debug|x64
		{700D0011-7F15-48B3-B901-4015728DC212}.Debug|x64.Build.0 = Debug|x64
		{700D0011-7F15-48B3-B901-4015728DC212}.Debug|x86.ActiveCfg = Debug|Win32
		{700D0011-7F15-48B3-B901-4015728DC212}.Debug|x86.Build.0 = Debug|Win32
		{700D0011-7F15-48B3-B901-4015728DC212}.Release|x64.ActiveCfg = Release|x64
		{700D0011-7F15-48B3-B901-4015728DC212}.Release|x64.Build.0 = Release|x64
		{700D0011-7F15-48B3-B901-4015728DC212}.Release|x86.ActiveCfg = Release|Win32
		{700D0011-7F15-48B3-B901-4015728DC212}.Release|x86.Build.0 = Release|Win32
		{5BAB2602-08ED-4D95-BAA4-F94077722027}.Debug|x64.ActiveCfg = Debug|x64
		{5BAB2602-08ED-4D95-BAA4-F94077722027}.Debug|x64.Build.0 = Debug|x64
		{5BAB2602-08ED-4D95-BAA4-F94077722027}.Debug|x86.ActiveCfg = Debug|Win32
		{5BAB2602-08ED-4D95-BAA4-F94077722027}.Debug|x86.Build.0 = Debug|Win32
		{5BAB2602-08ED-4D95-BAA4-F94077722027}.Release|x64.ActiveCfg = Release|x64
		{5BAB2602-08ED-4D95-BAA4-F94077722027}.Release|x64.Build.0 = Release|x64
		{5BAB2602-08ED-4D95-BAA4-F94077722027}.Release|x86.ActiveCfg = Release|Win32
		{5BAB2602-08ED-4D95-BAA4-F94077722027}.Release|x86.Build.0 = Release|Win32
		{54887494-5F82-4288-88C4-88A4494FE447}.Debug|x64.ActiveCfg = Debug|x64
		{54887494-5F82-4288-88C4-88A4494FE447}.Debug|x64.Build.0 = Debug|x64
		{54887494-5F82-4288-88C4-88A4494FE447}.Debug|x86.ActiveCfg = Debug|Win32
		{54887494-5F82-4288-88C4-88A4494FE447}.Debug|x86.Build.0 = Debug|Win32
		{54887494-5F82-4288-88C4-88A4494FE447}.Release|x64.ActiveCfg = Release|x64
		{54887494-5F82-4288-88C4-88A4494FE447}.Release|x64.Build.0 = Release|x64
		{54887494-5F82-4288-88C4-88A4494FE447}.Release|x86.ActiveCfg = Release|Win32
		{54887494-5F82-4288-88C4-88A4494FE447}.Release|x86.Build.0 = Release|Win32
		{00C0B99B-DE14-4939-9AF5-9DB3D4FC7C60}.Debug|x64.ActiveCfg = Debug|x64
		{00C0B99B-DE14-4939-9AF5-9DB3D4FC7C60}.Debug|x64.Build.0 = Debug|x64
		{00C0B99B-DE14-4939-9AF5-9DB3D4FC7C60}.Debug|x86.ActiveCfg = Debug|Win32
		{00C0B99B-DE14-4939-9AF5-9DB3D4FC7C60}.Debug|x86.Build.0 = Debug|Win32
		{00C0B99B-DE14-4939-9AF5-9DB3D4FC7C60}.Release|x64.ActiveCfg = Release|x64
		{00C0B99B-DE14-4939-9AF5-9DB3D4FC7C60}.Release|x64.Build.0 = Release|x64
		{00C0B99B-DE14-4939-9AF5-9DB3D4FC7C60}.Release|x86.ActiveCfg = Release|Win32
		{00C0B99B-DE14-4939-9AF5-9DB3D4FC7C60}.Release|x86.Build.0 = Release|Win32
		{251E592F-8FCC-4727-8E03-12919544F877}.Debug|x64.ActiveCfg = Debug|x64
		{251E592F-8FCC-4727-8E03-12919544F877}.Debug|x64.Build.0 = Debug|x64
		{251E592F-8FCC-4727-8E03-12919544F877}.Debug|x86.ActiveCfg = Debug|Win32
		{251E592F-8FCC-4727-8E03-12919544F877}.Debug|x86.Build.0 = Debug|Win32
		{251E592F-8FCC-4727-8E03-12919544F877}.Release|x64.ActiveCfg = Release|x64
		{251E592F-8FCC-4727-8E03-12919544F877}.Release|x64.Build.0 = Release|x64
		{251E592F-8FCC-4727-8E03-12919544F877}.Release|x86.ActiveCfg = Release|Win32
		{251E592F-8FCC-4727-8E03-12919544F877}.Release|x86.Build.0 = Release|Win32
		{0BE32078-F069-4599-9388-DFEC622F2718}.Debug|x64.ActiveCfg = Debug|x64
		{0BE32078-F069-4599-9388-DFEC622F2718}.Debug|x64.Build.0 = Debug|x64
		{0BE32078-F069-4599-9388-DFEC622F2718}.Debug|x86.ActiveCfg = Debug|Win32
		{0BE32078-F069-4599-9388-DFEC622F2718}.Debug|x86.Build.0 = Debug|Win32
		{0BE32078-F069-4599-9388-DFEC622F2718}.Release|x64.ActiveCfg = Release|x64
		{0BE32078-F069-4599-9388-DFEC622F2718}.Release|x64.Build.0 = Release|x64
		{0BE32078-F069-4599-9388-DFEC622F2718}.Release|x86.ActiveCfg = Release|Win32
		{0BE32078-F069-4599-9388-DFEC622F2718}.Release|x86.Build.0 = Release|Win32
		{A5B80BEF-D5C2-468F-AF76-92CECAE904ED}.Debug|x64.ActiveCfg = Debug|x64
		{A5B80BEF-D5C2-468F-AF76-92CECAE904ED}.Debug|x64.Build.0 = Debug|x64
		{A5B80BEF-D5C2-468F-AF76-92CECAE904ED}.Debug|x86.ActiveCfg = Debug|Win32
		{A5B80BEF-D5C2-468F-AF76-92CECAE904ED}.Debug|x86.Build.0 = Debug|Win32
		{A5B80BEF-D5C2-468F-AF76-92CECAE904ED}.Release|x64.ActiveCfg = Release|x64
		{A5B80BEF-D5C2-468F-AF76-92CECAE904ED}.Release|x64.Build.0 = Release|x64
		{A5B80BEF-D5C2-468F-AF76-92CECAE904ED}.Release|x86.ActiveCfg = Release|Win32
		{A5B80BEF-D5C2-468F-AF76-92CECAE904ED}.Release|x86.Build.0 = Release|Win32
		{A06E0770-5A99-4C0B-92B8-8C50053134A5}.Debug|x64.ActiveCfg = Debug|x64
		{A06E0770-5A99-4C0B-92B8-8C50053134A5}.Debug|x64.Build.0 = Debug|x64
		{A06E0770-5A99-4C0B-92B8-8C50053134A5}.Debug|x86.ActiveCfg = Debug|Win32
		{A06E0770-5A99-4C0B-92B8-8C50053134A5}.Debug|x86.Build.0 = Debug|Win32
		{A06E0770-5A99-4C0B-92B8-8C50053134A5}.Release|x64.ActiveCfg = Release|x64
		{A06E0770-5A99-4C0B-92B8-8C50053134A5}.Release|x64.Build.0 = Release|x64
		{A06E0770-5A99-4C0B-92B8-8C50053134A5}.Release|x86.ActiveCfg = Release|Win32
		{A06E0770-5A99-4C0B-92B8-8C50053134A5}.Release|x86.Build.0 = Release|Win32
		{2C2462FB-EB75-4128-85E0-564C88882B33}.Debug|x64.ActiveCfg = Debug|x64
		{2C2462FB-EB75-4128-85E0-564C88882B33}.Debug|x64.Build.0 = Debug|x64
		{2C2462FB-EB75-4128-85E0-564C88882B33}.Debug|x86.ActiveCfg = Debug|Win32
		{2C2462FB-EB75-4128-85E0-564C88882B33}.Debug|x86.Build.0 = Debug|Win32
		{2C2462FB-EB75-4128-85E0-564C88882B33}.Release|x64.ActiveCfg = Release|x64
		{2C2462FB-EB75-4128-85E0-564C88882B33}.Release|x64.Build.0 = Release|x64
		{2C2462FB-EB75-4128-85E0-564C88882B33}.Release|x86.ActiveCfg = Release|Win32
		{2C2462FB-EB75-4128-85E0-564C88882B33}.Release|x86.Build.0 = Release|Win32
		{2C017C40-1D74-48D5-AC92-53D9F3654747}.Debug|x64.ActiveCfg = Debug|x64
		{2C017C40-1D74-48D5-AC92-53D9F3654747}.Debug|x64.Build.0 = Debug|x64
		{2C017C40-1D74-48D5-AC92-53D9F3654747}.Debug|x86.ActiveCfg = Debug|Win32
		{2C017C40-1D74-48D5-AC92-53D9F3654747}.Debug|x86.Build.0 = Debug|Win32
		{2C017C40-1D74-48D5-AC92-53D9F3654747}.Release|x64.ActiveCfg = Release|x64
		{2C017C40-1D74-48D5-AC92-53D9F3654747}.Release|x64.Build.0 = Release|x64
		{2C017C40-1D74-48D5-AC92-53D9F3654747}.Release|x86.ActiveCfg = Release|Win32
		{2C017C40-1D74-48D5-AC92-53D9F3654747}.Release|x86.Build.0 = Release|Win32
		{999EFD5B-E0D5-42A3-BC78-84F289E84538}.Debug|x64.ActiveCfg = Debug|x64
		{999EFD5B-E0D5-42A3-BC78-84F289E84538}.Debug|x64.Build.0 = Debug|x64
		{999EFD5B-E0D5-42A3-BC78-84F289E84538}.Debug|x86.ActiveCfg = Debug|Win32
		{999EFD5B-E0D5-42A3-BC78-84F289E84538}.Debug|x86.Build.0 = Debug|Win32
		{999EFD5B-E0D5-42A3-BC78-84F289E84538}.Release|x64.ActiveCfg = Release|x64
		{999EFD5B-E0D5-42A3-BC78-84F289E84538}.Release|x64.Build.0 = Release|x64
		{999EFD5B-E0D5-42A3-BC78-84F289E84538}.Release|x86.ActiveCfg = Release|Win32
		{999EFD5B-E0D5-42A3-BC78-84F289E84538}.Release|x86.Build.0 = Release|Win32
		{DA6335A9-BD88-443A-923C-18595EBBDCC1}.Debug|x64.ActiveCfg = Debug|x64
		{DA6335A9-BD88-443A-923C-18595EBBDCC1}.Debug|x64.Build.0 = Debug|x64
		{DA6335A9-BD88-443A-923C-18595EBBDCC1}.Debug|x86.ActiveCfg = Debug|Win32
		{DA6335A9-BD88-443A-923C-18595EBBDCC1}.Debug|x86.Build.0 = Debug|Win32
		{DA6335A9-BD88-443A-923C-18595EBBDCC1}.Release|x64.ActiveCfg = Release|x64
		{DA6335A9-BD88-443A-923C-18595EBBDCC1}.Release|x64.Build.0 = Release|x64
		{DA6335A9-BD88-443A-923C-18595EBBDCC1}.Release|x86.ActiveCfg = Release|Win32
		{DA6335A9-BD88-443A-923C-18595EBBDCC1}.Release|x86.Build.0 = Release|Win32
		{63FFAD65-C6D0-483F-8A11-0BC89185FC46}.Debug|x64.ActiveCfg = Debug|x64
		{63FFAD65-C6D0-483F-8A11-0BC89185FC46}.Debug|x64.Build.0 = Debug|x64
		{63FFAD65-C6D0-483F-8A11-0BC89185FC46}.Debug|x86.ActiveCfg = Debug|Win32
		{63FFAD65-C6D0-483F-8A11-0BC89185FC46}.Debug|x86.Build.0 = Debug|Win32
		{63FFAD65-C6D0-483F-8A11-0BC89185FC46}.Release|x64.ActiveCfg = Release|x64
		{63FFAD65-C6D0-483F-8A11-0BC89185FC46}.Release|x64.Build.0 = Release|x64
		{63FFAD65-C6D0-483F-8A11-0BC89185FC46}.Release|x86.ActiveCfg = Release|Win32
		{63FFAD65-C6D0-483F-8A11-0BC89185FC46}.Release|x86.Build.0 = Release|Win32
		{EA6FA96C-C6D2-416C-9B47-07D1B53BDC5D}.Debug|x64.ActiveCfg = Debug|x64
		{EA6FA96C-C6D2-416C-9B47-07D1B53BDC5D}.Debug|x64.Build.0 = Debug|x64
		{EA6FA96C-C6D2-416C-9B47-07D1B53BDC5D}.Debug|x86.ActiveCfg = Debug|Win32
		{EA6FA96C-C6D2-416C-9B47-07D1B53BDC5D}.Debug|x86.Build.0 = Debug|Win32
		{EA6FA96C-C6D2-416C-9B47-07D1B53BDC5D}.Release|x64.ActiveCfg = Release|x64
		{EA6FA96C-C6D2-416C-9B47-07D1B53BDC5D}.Release|x64.Build.0 = Release|x64
		{EA6FA96C-C6D2-416C-9B47-07D1B53BDC5D}.Release|x86.ActiveCfg = Release|Win32
		{EA6FA96C-C6D2-416C-9B47-07D1B53BDC5D}.Release|x86.Build.0 = Release|Win32
		{94A4E402-765D-4091-815E-E606569F6DC8}.Debug|x64.ActiveCfg = Debug|x64
		{94A4E402-765D-4091-815E-E606569F6DC8}.Debug|x64.Build.0 = Debug|x64
		{94A4E402-765D-4091-815E-E606569F6DC8}.Debug|x86.ActiveCfg = Debug|Win32
		{94A4E402-765D-4091-815E-E606569F6DC8}.Debug|x86.Build.0 = Debug|Win32
		{94A4E402-765D-4091-815E-E606569F6DC8}.Release|x64.ActiveCfg = Release|x64
		{94A4E402-765D-4091-815E-E606569F6DC8}.Release|x64.Build.0 = Release|x64
		{94A4E402-765D-4091-815E-E606569F6DC8}.Release|x86.ActiveCfg = Release|Win32
		{94A4E402-765D-4091-815E-E606569F6DC8}.Release|x86.Build.0 = Release|Win32
		{C39FBC83-5A4D-42DE-B06F-241376C000A2}.Debug|x64.ActiveCfg = Debug|x64
		{C39FBC83-5A4D-42DE-B06F-241376C000A2}.Debug|x64.Build.0 = Debug|x64
		{C39FBC83-5A4D-42DE-B06F-241376C000A2}.Debug|x86.ActiveCfg = Debug|Win32
		{C39FBC83-5A4D-42DE-B06F-241376C000A2}.Debug|x86.Build.0 = Debug|Win32
		{C39FBC83-5A4D-42DE-B06F-241376C000A2}.Release|x64.ActiveCfg = Release|x64
		{C39FBC83-5A4D-42DE-B06F-241376C000A2}.Release|x64.Build.0 = Release|x64
		{C39FBC83-5A4D-42DE-B06F-241376C000A2}.Release|x86.ActiveCfg = Release|Win32
		{C39FBC83-5A4D-42DE-B06F-241376C000A2}.Release|x86.Build.0 = Release|Win32
		{E7B12A38-FFF0-49B8-BA13-A39E1B9A5115}.Debug|x64.ActiveCfg = Debug|x64
		{E7B12A38-FFF0-49B8-BA13-A39E1B9A5115}.Debug|x64.Build.0 = Debug|x64
		{E7B12A38-FFF0-49B8-BA13-A39E1B9A5115}.Debug|x86.ActiveCfg = Debug|Win32
		{E7B12A38-FFF0-49B8-BA13-A39E1B9A5115}.Debug|x86.Build.0 = Debug|Win32
		{E7B12A38-FFF0-49B8-BA13-A39E1B9A5115}.Release|x64.ActiveCfg = Release|x64
		{E7B12A38-FFF0-49B8-BA13-A39E1B9A5115}.Release|x64.Build.0 = Release|x64
		{E7B12A38-FFF0-49B8-BA13-A39E1B9A5115}.Release|x86.ActiveCfg = Release|Win32
		{E7B12A38-FFF0-49B8-BA13-A39E1B9A5115}.Release|x86.Build.0 = Release|Win32
		{5CFD826C-328F-4485-A69C-DB1E747B3EC5}.Debug|x64.ActiveCfg = Debug|x64
		{5CFD826C-328F-4485-A69C-DB1E747B3EC5}.Debug|x64.Build.0 = Debug|x64
		{5CFD826C-328F-4485-A69C-DB1E747B3EC5}.Debug|x86.ActiveCfg = Debug|Win32
		{5CFD826C-328F-4485-A69C-DB1E747B3EC5}.Debug|x86.Build.0 = Debug|Win32
		{5CFD826C-328F-4485-A69C-DB1E747B3EC5}.Release|x64.ActiveCfg = Release|x64
		{5CFD826C-328F-4485-A69C-DB1E747B3EC5}.Release|x64.Build.0 = Release|x64
		{5CFD826C-328F-4485-A69C-DB1E747B3EC5}.Release|x86.ActiveCfg = Release|Win32
		{5CFD826C-328F-4485-A69C-DB1E747B3EC5}.Release|x86.Build.0 = Release|Win32
		{DD37A95B-67AB-4551-8A99-93CD003D788E}.Debug|x64.ActiveCfg = Debug|x64
		{DD37A95B-67AB-4551-8A99-93CD003D788E}.Debug|x64.Build.0 = Debug|x64
		{DD37A95B-67AB-4551-8A99-93CD003D788E}.Debug|x86.ActiveCfg = Debug|Win32
		{DD37A95B-67AB-4551-8A99-93CD003D788E}.Debug|x86.Build.0 = Debug|Win32
		{DD37A95B-67AB-4551-8A99-93CD003D788E}.Release|x64.ActiveCfg = Release|x64
		{DD37A95B-67AB-4551-8A99-93CD003D788E}.Release|x64.Build.0 = Release|x64
		{DD37A95B-67AB-4551-8A99-93CD003D788E}.Release|x86.ActiveCfg = Release|Win32
		{DD37A95B-67AB-4551-8A99-93CD003D788E}.Release|x86.Build.0 = Release|Win32
		{C538B08C-25A8-4BD9-B1F8-D0E78EB76643}.Debug|x64.ActiveCfg = Debug|x64
		{C538B08C-25A8-4BD9-B1F8-D0E78EB76643}.Debug|x64.Build.0 = Debug|x64
		{C538B08C-25A8-4BD9-B1F8-D0E78EB76643}.Debug|x86.ActiveCfg = Debug|Win32
		{C538B08C-25A8-4BD9-B1F8-D0E78EB76643}.Debug|x86.Build.0 = Debug|Win32
		{C538B08C-25A8-4BD9-B1F8-D0E78EB76643}.Release|x64.ActiveCfg = Release|x64
		{C538B08C-25A8-4BD9-B1F8-D0E78EB76643}.Release|x64.Build.0 = Release|x64
		{C538B08C-25A8-4BD9-B1F8-D0E78EB76643}.Release|x86.ActiveCfg = Release|Win32
		{C538B08C-25A8-4BD9-B1F8-D0E78EB76643}.Release|x86.Build.0 = Release|Win32
		{8C90B8B9-6889-4FB4-9597-4EB64DD9C1AC}.Debug|x64.ActiveCfg = Debug|x64
		{8C90B8B9-6889-4FB4-9597-4EB64DD9C1AC}.Debug|x64.Build.0 = Debug|x64
		{8C90B8B9-6889-4FB4-9597-4EB64DD9C1AC}.Debug|x86.ActiveCfg = Debug|Win32
		{8C90B8B9-6889-4FB4-9597-4EB64DD9C1AC}.Debug|x86.Build.0 = Debug|Win32
		{8C90B8B9-6889-4FB4-9597-4EB64DD9C1AC}.Release|x64.ActiveCfg = Release|x64
		{8C90B8B9-6889-4FB4-9597-4EB64DD9C1AC}.Release|x64.Build.0 = Release|x64
		{8C90B8B9-6889-4FB4-9597-4EB64DD9C1AC}.Release|x86.ActiveCfg = Release|Win32
		{8C90B8B9-6889-4FB4-9597-4EB64DD9C1AC}.Release|x86.Build.0 = Release|Win32
		{765B4B52-A5C1-4766-A2B2-F93B0E1A062C}.Debug|x64.ActiveCfg = Debug|x64
		{765B4B52-A5C1-4766-A2B2-F93B0E1A062C}.Debug|x64.Build.0 = Debug|x64
		{765B4B52-A5C1-4766-A2B2-F93B0E1A062C}.Debug|x86.ActiveCfg = Debug|Win32
		{765B4B52-A5C1-4766-A2B2-F93B0E1A062C}.Debug|x86.Build.0 = Debug|Win32
		{765B4B52-A5C1-4766-A2B2-F93B0E1A062C}.Release|x64.ActiveCfg = Release|x64
		{765B4B52-A5C1-4766-A2B2-F93B0E1A062C}.Release|x64.Build.0 = Release|x64
		{765B4B52-A5C1-4766-A2B2-F93B0E1A062C}.Release|x86.ActiveCfg = Release|Win32
		{765B4B52-A5C1-4766-A2B2-F93B0E1A062C}.Release|x86.Build.0 = Release|Win32
	EndGlobalSection
	GlobalSection(SolutionProperties) = preSolution
		HideSolutionNode = FALSE
	EndGlobalSection
	GlobalSection(ExtensibilityGlobals) = postSolution
		SolutionGuid = {8C58538C-4AEB-487B-BE3F-5D9CD305AEE9}
	EndGlobalSection
EndGlobal
